github.com/alexhyang/blank v0.0.0-20211010134258-1d93766c82c4 h1:OlWhKzj4MK7sAr0oSUhrb7UdH1fPTse3Hkj1xxqxCnY=
github.com/alexhyang/blank v0.0.0-20211010134258-1d93766c82c4/go.mod h1:n4cHI7cEeJK7rmS/CiwWZa2nOktWmwBHcm8mRA4jC68=
github.com/vimux/blank v0.0.0-20211010134258-1d93766c82c4 h1:SCgO2h2OkenY6ibuz9H4IQAKDFtIVXCdnQ8HpWm4gqo=
github.com/vimux/blank v0.0.0-20211010134258-1d93766c82c4/go.mod h1:AyfjtG2sshyJ33Z8Wwn+qiFXX+WQv8q2PKmO1C+iKYI=
